// !$*UTF8*$!
{
	archiveVersion = 1;
	classes = {
	};
	objectVersion = 56;
	objects = {

/* Begin PBXBuildFile section */
		AF2AEB6E28EC5E35004650E3 /* main.cpp in Sources */ = {isa = PBXBuildFile; fileRef = AF2AEB6D28EC5E35004650E3 /* main.cpp */; };
		AF2AEB7228EC5E7E004650E3 /* Accelerate.framework in Frameworks */ = {isa = PBXBuildFile; fileRef = AF2AEB6128EC5C44004650E3 /* Accelerate.framework */; };
		AF2AEB7A28EC619F004650E3 /* main.cpp in Sources */ = {isa = PBXBuildFile; fileRef = AF2AEB7928EC619F004650E3 /* main.cpp */; };
		AFF34055292F3A8400B3DC65 /* Accelerate.framework in Frameworks */ = {isa = PBXBuildFile; fileRef = AF2AEB6128EC5C44004650E3 /* Accelerate.framework */; };
/* End PBXBuildFile section */

/* Begin PBXCopyFilesBuildPhase section */
		AF2AEB6928EC5E35004650E3 /* CopyFiles */ = {
			isa = PBXCopyFilesBuildPhase;
			buildActionMask = 2147483647;
			dstPath = /usr/share/man/man1/;
			dstSubfolderSpec = 0;
			files = (
			);
			runOnlyForDeploymentPostprocessing = 1;
		};
		AF2AEB7528EC619F004650E3 /* CopyFiles */ = {
			isa = PBXCopyFilesBuildPhase;
			buildActionMask = 2147483647;
			dstPath = /usr/share/man/man1/;
			dstSubfolderSpec = 0;
			files = (
			);
			runOnlyForDeploymentPostprocessing = 1;
		};
/* End PBXCopyFilesBuildPhase section */

/* Begin PBXFileReference section */
		AF19FEA328EC51A900593F55 /* Tensors */ = {isa = PBXFileReference; lastKnownFileType = folder; path = Tensors; sourceTree = "<group>"; };
		AF19FEA428EC51A900593F55 /* LICENSE */ = {isa = PBXFileReference; fileEncoding = 4; lastKnownFileType = text; path = LICENSE; sourceTree = "<group>"; };
		AF19FEA628EC51A900593F55 /* CycleSampler.hpp */ = {isa = PBXFileReference; fileEncoding = 4; lastKnownFileType = sourcecode.cpp.h; path = CycleSampler.hpp; sourceTree = "<group>"; };
		AF19FEA728EC51A900593F55 /* README.md */ = {isa = PBXFileReference; fileEncoding = 4; lastKnownFileType = net.daringfireball.markdown; path = README.md; sourceTree = "<group>"; };
		AF19FEA828EC51A900593F55 /* src */ = {isa = PBXFileReference; lastKnownFileType = folder; path = src; sourceTree = "<group>"; };
		AF2AEB6128EC5C44004650E3 /* Accelerate.framework */ = {isa = PBXFileReference; lastKnownFileType = wrapper.framework; name = Accelerate.framework; path = System/Library/Frameworks/Accelerate.framework; sourceTree = SDKROOT; };
		AF2AEB6B28EC5E35004650E3 /* Example_RandomClosedPolygon */ = {isa = PBXFileReference; explicitFileType = "compiled.mach-o.executable"; includeInIndex = 0; path = Example_RandomClosedPolygon; sourceTree = BUILT_PRODUCTS_DIR; };
		AF2AEB6D28EC5E35004650E3 /* main.cpp */ = {isa = PBXFileReference; lastKnownFileType = sourcecode.cpp.cpp; path = main.cpp; sourceTree = "<group>"; };
		AF2AEB7728EC619F004650E3 /* Example_Sample */ = {isa = PBXFileReference; explicitFileType = "compiled.mach-o.executable"; includeInIndex = 0; path = Example_Sample; sourceTree = BUILT_PRODUCTS_DIR; };
		AF2AEB7928EC619F004650E3 /* main.cpp */ = {isa = PBXFileReference; lastKnownFileType = sourcecode.cpp.cpp; path = main.cpp; sourceTree = "<group>"; };
/* End PBXFileReference section */

/* Begin PBXFrameworksBuildPhase section */
		AF2AEB6828EC5E35004650E3 /* Frameworks */ = {
			isa = PBXFrameworksBuildPhase;
			buildActionMask = 2147483647;
			files = (
				AF2AEB7228EC5E7E004650E3 /* Accelerate.framework in Frameworks */,
			);
			runOnlyForDeploymentPostprocessing = 0;
		};
		AF2AEB7428EC619F004650E3 /* Frameworks */ = {
			isa = PBXFrameworksBuildPhase;
			buildActionMask = 2147483647;
			files = (
				AFF34055292F3A8400B3DC65 /* Accelerate.framework in Frameworks */,
			);
			runOnlyForDeploymentPostprocessing = 0;
		};
/* End PBXFrameworksBuildPhase section */

/* Begin PBXGroup section */
		AF2AEB6028EC5C44004650E3 /* Frameworks */ = {
			isa = PBXGroup;
			children = (
				AF2AEB6128EC5C44004650E3 /* Accelerate.framework */,
			);
			name = Frameworks;
			sourceTree = "<group>";
		};
		AF2AEB6C28EC5E35004650E3 /* Example_RandomClosedPolygon */ = {
			isa = PBXGroup;
			children = (
				AF2AEB6D28EC5E35004650E3 /* main.cpp */,
			);
			path = Example_RandomClosedPolygon;
			sourceTree = "<group>";
		};
		AF2AEB7828EC619F004650E3 /* Example_Sample_Binned */ = {
			isa = PBXGroup;
			children = (
				AF2AEB7928EC619F004650E3 /* main.cpp */,
			);
			path = Example_Sample_Binned;
			sourceTree = "<group>";
		};
		AFC72D6728EC51460087C64D = {
			isa = PBXGroup;
			children = (
				AF19FEA328EC51A900593F55 /* Tensors */,
				AF19FEA828EC51A900593F55 /* src */,
				AF19FEA628EC51A900593F55 /* CycleSampler.hpp */,
				AF19FEA428EC51A900593F55 /* LICENSE */,
				AF19FEA728EC51A900593F55 /* README.md */,
				AF2AEB6C28EC5E35004650E3 /* Example_RandomClosedPolygon */,
				AF2AEB7828EC619F004650E3 /* Example_Sample_Binned */,
				AFC72D7128EC51460087C64D /* Products */,
				AF2AEB6028EC5C44004650E3 /* Frameworks */,
			);
			sourceTree = "<group>";
		};
		AFC72D7128EC51460087C64D /* Products */ = {
			isa = PBXGroup;
			children = (
				AF2AEB6B28EC5E35004650E3 /* Example_RandomClosedPolygon */,
				AF2AEB7728EC619F004650E3 /* Example_Sample */,
			);
			name = Products;
			sourceTree = "<group>";
		};
/* End PBXGroup section */

/* Begin PBXNativeTarget section */
		AF2AEB6A28EC5E35004650E3 /* Example_RandomClosedPolygon */ = {
			isa = PBXNativeTarget;
			buildConfigurationList = AF2AEB6F28EC5E35004650E3 /* Build configuration list for PBXNativeTarget "Example_RandomClosedPolygon" */;
			buildPhases = (
				AF2AEB6728EC5E35004650E3 /* Sources */,
				AF2AEB6828EC5E35004650E3 /* Frameworks */,
				AF2AEB6928EC5E35004650E3 /* CopyFiles */,
			);
			buildRules = (
			);
			dependencies = (
			);
			name = Example_RandomClosedPolygon;
			productName = Example_RandomClosedPolygon;
			productReference = AF2AEB6B28EC5E35004650E3 /* Example_RandomClosedPolygon */;
			productType = "com.apple.product-type.tool";
		};
		AF2AEB7628EC619F004650E3 /* Example_Sample */ = {
			isa = PBXNativeTarget;
			buildConfigurationList = AF2AEB7B28EC619F004650E3 /* Build configuration list for PBXNativeTarget "Example_Sample" */;
			buildPhases = (
				AF2AEB7328EC619F004650E3 /* Sources */,
				AF2AEB7428EC619F004650E3 /* Frameworks */,
				AF2AEB7528EC619F004650E3 /* CopyFiles */,
			);
			buildRules = (
			);
			dependencies = (
			);
			name = Example_Sample;
			productName = Example_Sample;
			productReference = AF2AEB7728EC619F004650E3 /* Example_Sample */;
			productType = "com.apple.product-type.tool";
		};
/* End PBXNativeTarget section */

/* Begin PBXProject section */
		AFC72D6828EC51460087C64D /* Project object */ = {
			isa = PBXProject;
			attributes = {
				BuildIndependentTargetsInParallel = 1;
				LastUpgradeCheck = 1410;
				TargetAttributes = {
					AF2AEB6A28EC5E35004650E3 = {
						CreatedOnToolsVersion = 14.0.1;
					};
					AF2AEB7628EC619F004650E3 = {
						CreatedOnToolsVersion = 14.0.1;
					};
				};
			};
			buildConfigurationList = AFC72D6B28EC51460087C64D /* Build configuration list for PBXProject "CycleSampler" */;
			compatibilityVersion = "Xcode 14.0";
			developmentRegion = en;
			hasScannedForEncodings = 0;
			knownRegions = (
				en,
				Base,
			);
			mainGroup = AFC72D6728EC51460087C64D;
			productRefGroup = AFC72D7128EC51460087C64D /* Products */;
			projectDirPath = "";
			projectRoot = "";
			targets = (
				AF2AEB6A28EC5E35004650E3 /* Example_RandomClosedPolygon */,
				AF2AEB7628EC619F004650E3 /* Example_Sample */,
			);
		};
/* End PBXProject section */

/* Begin PBXSourcesBuildPhase section */
		AF2AEB6728EC5E35004650E3 /* Sources */ = {
			isa = PBXSourcesBuildPhase;
			buildActionMask = 2147483647;
			files = (
				AF2AEB6E28EC5E35004650E3 /* main.cpp in Sources */,
			);
			runOnlyForDeploymentPostprocessing = 0;
		};
		AF2AEB7328EC619F004650E3 /* Sources */ = {
			isa = PBXSourcesBuildPhase;
			buildActionMask = 2147483647;
			files = (
				AF2AEB7A28EC619F004650E3 /* main.cpp in Sources */,
			);
			runOnlyForDeploymentPostprocessing = 0;
		};
/* End PBXSourcesBuildPhase section */

/* Begin XCBuildConfiguration section */
		AF2AEB7028EC5E35004650E3 /* Debug */ = {
			isa = XCBuildConfiguration;
			buildSettings = {
				CLANG_WARN_DOCUMENTATION_COMMENTS = YES;
				CODE_SIGN_IDENTITY = "-";
				CODE_SIGN_STYLE = Automatic;
				DEAD_CODE_STRIPPING = YES;
				DEVELOPMENT_TEAM = Y6DQ749ZRT;
				ENABLE_HARDENED_RUNTIME = NO;
				PRODUCT_NAME = "$(TARGET_NAME)";
			};
			name = Debug;
		};
		AF2AEB7128EC5E35004650E3 /* Release */ = {
			isa = XCBuildConfiguration;
			buildSettings = {
				CLANG_WARN_DOCUMENTATION_COMMENTS = YES;
				CODE_SIGN_IDENTITY = "-";
				CODE_SIGN_STYLE = Automatic;
				DEAD_CODE_STRIPPING = YES;
				DEVELOPMENT_TEAM = Y6DQ749ZRT;
				ENABLE_HARDENED_RUNTIME = NO;
				PRODUCT_NAME = "$(TARGET_NAME)";
			};
			name = Release;
		};
		AF2AEB7C28EC619F004650E3 /* Debug */ = {
			isa = XCBuildConfiguration;
			buildSettings = {
				CLANG_WARN_DOCUMENTATION_COMMENTS = YES;
				CODE_SIGN_IDENTITY = "-";
				CODE_SIGN_STYLE = Automatic;
				DEAD_CODE_STRIPPING = YES;
				DEVELOPMENT_TEAM = Y6DQ749ZRT;
				ENABLE_HARDENED_RUNTIME = NO;
				PRODUCT_NAME = "$(TARGET_NAME)";
			};
			name = Debug;
		};
		AF2AEB7D28EC619F004650E3 /* Release */ = {
			isa = XCBuildConfiguration;
			buildSettings = {
				CLANG_WARN_DOCUMENTATION_COMMENTS = YES;
				CODE_SIGN_IDENTITY = "-";
				CODE_SIGN_STYLE = Automatic;
				DEAD_CODE_STRIPPING = YES;
				DEVELOPMENT_TEAM = Y6DQ749ZRT;
				ENABLE_HARDENED_RUNTIME = NO;
				PRODUCT_NAME = "$(TARGET_NAME)";
			};
			name = Release;
		};
		AFC72D7528EC51460087C64D /* Debug */ = {
			isa = XCBuildConfiguration;
			buildSettings = {
				ALWAYS_SEARCH_USER_PATHS = NO;
				CLANG_ANALYZER_NONNULL = YES;
				CLANG_ANALYZER_NUMBER_OBJECT_CONVERSION = YES_AGGRESSIVE;
				CLANG_CXX_LANGUAGE_STANDARD = "gnu++20";
				CLANG_ENABLE_MODULES = YES;
				CLANG_ENABLE_OBJC_ARC = YES;
				CLANG_ENABLE_OBJC_WEAK = YES;
				CLANG_WARN_BLOCK_CAPTURE_AUTORELEASING = YES;
				CLANG_WARN_BOOL_CONVERSION = YES;
				CLANG_WARN_COMMA = YES;
				CLANG_WARN_CONSTANT_CONVERSION = YES;
				CLANG_WARN_DEPRECATED_OBJC_IMPLEMENTATIONS = YES;
				CLANG_WARN_DIRECT_OBJC_ISA_USAGE = YES_ERROR;
				CLANG_WARN_DOCUMENTATION_COMMENTS = NO;
				CLANG_WARN_EMPTY_BODY = YES;
				CLANG_WARN_ENUM_CONVERSION = YES;
				CLANG_WARN_INFINITE_RECURSION = YES;
				CLANG_WARN_INT_CONVERSION = YES;
				CLANG_WARN_NON_LITERAL_NULL_CONVERSION = YES;
				CLANG_WARN_OBJC_IMPLICIT_RETAIN_SELF = YES;
				CLANG_WARN_OBJC_LITERAL_CONVERSION = YES;
				CLANG_WARN_OBJC_ROOT_CLASS = YES_ERROR;
				CLANG_WARN_QUOTED_INCLUDE_IN_FRAMEWORK_HEADER = YES;
				CLANG_WARN_RANGE_LOOP_ANALYSIS = YES;
				CLANG_WARN_STRICT_PROTOTYPES = YES;
				CLANG_WARN_SUSPICIOUS_MOVE = YES;
				CLANG_WARN_UNGUARDED_AVAILABILITY = YES_AGGRESSIVE;
				CLANG_WARN_UNREACHABLE_CODE = YES;
				CLANG_WARN__DUPLICATE_METHOD_MATCH = YES;
				COPY_PHASE_STRIP = NO;
				DEAD_CODE_STRIPPING = YES;
				DEBUG_INFORMATION_FORMAT = dwarf;
				ENABLE_STRICT_OBJC_MSGSEND = YES;
				ENABLE_TESTABILITY = YES;
				GCC_C_LANGUAGE_STANDARD = gnu11;
				GCC_DYNAMIC_NO_PIC = NO;
				GCC_NO_COMMON_BLOCKS = YES;
				GCC_OPTIMIZATION_LEVEL = 0;
				GCC_PREPROCESSOR_DEFINITIONS = (
					"DEBUG=1",
					"$(inherited)",
				);
				GCC_WARN_64_TO_32_BIT_CONVERSION = YES;
				GCC_WARN_ABOUT_RETURN_TYPE = YES_ERROR;
				GCC_WARN_UNDECLARED_SELECTOR = YES;
				GCC_WARN_UNINITIALIZED_AUTOS = YES_AGGRESSIVE;
				GCC_WARN_UNUSED_FUNCTION = YES;
				GCC_WARN_UNUSED_VARIABLE = YES;
				LIBRARY_SEARCH_PATHS = (
					/opt/homebrew/lib,
					/opt/homebrew/opt/openblas/lib,
				);
				MACOSX_DEPLOYMENT_TARGET = 12.3;
				MTL_ENABLE_DEBUG_INFO = INCLUDE_SOURCE;
				MTL_FAST_MATH = YES;
				ONLY_ACTIVE_ARCH = YES;
				OTHER_CPLUSPLUSFLAGS = (
					"$(OTHER_CFLAGS)",
					"-Xpreprocessor",
					"-fopenmp",
					"-Xpreprocessor",
					"-fopenmp-simd",
					"-flto",
					"-fno-math-errno",
					"-ffast-math",
				);
				OTHER_LDFLAGS = (
					"-ldl",
					"-lm",
					"-lomp",
				);
				SDKROOT = macosx;
				SYSTEM_HEADER_SEARCH_PATHS = (
					/opt/homebrew/opt/openblas/include,
					/opt/homebrew/include,
				);
				USER_HEADER_SEARCH_PATHS = "";
			};
			name = Debug;
		};
		AFC72D7628EC51460087C64D /* Release */ = {
			isa = XCBuildConfiguration;
			buildSettings = {
				ALWAYS_SEARCH_USER_PATHS = NO;
				CLANG_ANALYZER_NONNULL = YES;
				CLANG_ANALYZER_NUMBER_OBJECT_CONVERSION = YES_AGGRESSIVE;
				CLANG_CXX_LANGUAGE_STANDARD = "gnu++20";
				CLANG_ENABLE_MODULES = YES;
				CLANG_ENABLE_OBJC_ARC = YES;
				CLANG_ENABLE_OBJC_WEAK = YES;
				CLANG_WARN_BLOCK_CAPTURE_AUTORELEASING = YES;
				CLANG_WARN_BOOL_CONVERSION = YES;
				CLANG_WARN_COMMA = YES;
				CLANG_WARN_CONSTANT_CONVERSION = YES;
				CLANG_WARN_DEPRECATED_OBJC_IMPLEMENTATIONS = YES;
				CLANG_WARN_DIRECT_OBJC_ISA_USAGE = YES_ERROR;
				CLANG_WARN_DOCUMENTATION_COMMENTS = NO;
				CLANG_WARN_EMPTY_BODY = YES;
				CLANG_WARN_ENUM_CONVERSION = YES;
				CLANG_WARN_INFINITE_RECURSION = YES;
				CLANG_WARN_INT_CONVERSION = YES;
				CLANG_WARN_NON_LITERAL_NULL_CONVERSION = YES;
				CLANG_WARN_OBJC_IMPLICIT_RETAIN_SELF = YES;
				CLANG_WARN_OBJC_LITERAL_CONVERSION = YES;
				CLANG_WARN_OBJC_ROOT_CLASS = YES_ERROR;
				CLANG_WARN_QUOTED_INCLUDE_IN_FRAMEWORK_HEADER = YES;
				CLANG_WARN_RANGE_LOOP_ANALYSIS = YES;
				CLANG_WARN_STRICT_PROTOTYPES = YES;
				CLANG_WARN_SUSPICIOUS_MOVE = YES;
				CLANG_WARN_UNGUARDED_AVAILABILITY = YES_AGGRESSIVE;
				CLANG_WARN_UNREACHABLE_CODE = YES;
				CLANG_WARN__DUPLICATE_METHOD_MATCH = YES;
				COPY_PHASE_STRIP = NO;
				DEAD_CODE_STRIPPING = YES;
				DEBUG_INFORMATION_FORMAT = "dwarf-with-dsym";
				ENABLE_NS_ASSERTIONS = NO;
				ENABLE_STRICT_OBJC_MSGSEND = YES;
				GCC_C_LANGUAGE_STANDARD = gnu11;
				GCC_NO_COMMON_BLOCKS = YES;
				GCC_OPTIMIZATION_LEVEL = fast;
				GCC_WARN_64_TO_32_BIT_CONVERSION = YES;
				GCC_WARN_ABOUT_RETURN_TYPE = YES_ERROR;
				GCC_WARN_UNDECLARED_SELECTOR = YES;
				GCC_WARN_UNINITIALIZED_AUTOS = YES_AGGRESSIVE;
				GCC_WARN_UNUSED_FUNCTION = YES;
				GCC_WARN_UNUSED_VARIABLE = YES;
				LIBRARY_SEARCH_PATHS = (
					/opt/homebrew/lib,
					/opt/homebrew/opt/openblas/lib,
				);
				MACOSX_DEPLOYMENT_TARGET = 12.3;
				MTL_ENABLE_DEBUG_INFO = NO;
				MTL_FAST_MATH = YES;
				ONLY_ACTIVE_ARCH = YES;
				OTHER_CPLUSPLUSFLAGS = (
					"$(OTHER_CFLAGS)",
					"-Xpreprocessor",
					"-fopenmp",
					"-Xpreprocessor",
					"-fopenmp-simd",
					"-flto",
					"-fno-math-errno",
					"-ffast-math",
				);
				OTHER_LDFLAGS = (
					"-ldl",
					"-lm",
					"-lomp",
				);
				SDKROOT = macosx;
				SYSTEM_HEADER_SEARCH_PATHS = (
					/opt/homebrew/opt/openblas/include,
					/opt/homebrew/include,
				);
				USER_HEADER_SEARCH_PATHS = "";
			};
			name = Release;
		};
/* End XCBuildConfiguration section */

/* Begin XCConfigurationList section */
		AF2AEB6F28EC5E35004650E3 /* Build configuration list for PBXNativeTarget "Example_RandomClosedPolygon" */ = {
			isa = XCConfigurationList;
			buildConfigurations = (
				AF2AEB7028EC5E35004650E3 /* Debug */,
				AF2AEB7128EC5E35004650E3 /* Release */,
			);
			defaultConfigurationIsVisible = 0;
			defaultConfigurationName = Release;
		};
		AF2AEB7B28EC619F004650E3 /* Build configuration list for PBXNativeTarget "Example_Sample" */ = {
			isa = XCConfigurationList;
			buildConfigurations = (
				AF2AEB7C28EC619F004650E3 /* Debug */,
				AF2AEB7D28EC619F004650E3 /* Release */,
			);
			defaultConfigurationIsVisible = 0;
			defaultConfigurationName = Release;
		};
		AFC72D6B28EC51460087C64D /* Build configuration list for PBXProject "CycleSampler" */ = {
			isa = XCConfigurationList;
			buildConfigurations = (
				AFC72D7528EC51460087C64D /* Debug */,
				AFC72D7628EC51460087C64D /* Release */,
			);
			defaultConfigurationIsVisible = 0;
			defaultConfigurationName = Release;
		};
/* End XCConfigurationList section */
	};
	rootObject = AFC72D6828EC51460087C64D /* Project object */;
}
