// !$*UTF8*$!
{
	archiveVersion = 1;
	classes = {
	};
	objectVersion = 56;
	objects = {

/* Begin PBXBuildFile section */
		AFB2F4082C0CC6F300459E94 /* main.cpp in Sources */ = {isa = PBXBuildFile; fileRef = AFB2F4072C0CC6F300459E94 /* main.cpp */; };
		AFB2F4132C0CC76600459E94 /* main.cpp in Sources */ = {isa = PBXBuildFile; fileRef = AFB2F4122C0CC76600459E94 /* main.cpp */; };
		AFB2F41E2C0CCB0D00459E94 /* main.cpp in Sources */ = {isa = PBXBuildFile; fileRef = AFB2F41D2C0CCB0D00459E94 /* main.cpp */; };
/* End PBXBuildFile section */

/* Begin PBXCopyFilesBuildPhase section */
		AFB2F4032C0CC6F300459E94 /* CopyFiles */ = {
			isa = PBXCopyFilesBuildPhase;
			buildActionMask = 2147483647;
			dstPath = /usr/share/man/man1/;
			dstSubfolderSpec = 0;
			files = (
			);
			runOnlyForDeploymentPostprocessing = 1;
		};
		AFB2F40E2C0CC76600459E94 /* CopyFiles */ = {
			isa = PBXCopyFilesBuildPhase;
			buildActionMask = 2147483647;
			dstPath = /usr/share/man/man1/;
			dstSubfolderSpec = 0;
			files = (
			);
			runOnlyForDeploymentPostprocessing = 1;
		};
		AFB2F4192C0CCB0D00459E94 /* CopyFiles */ = {
			isa = PBXCopyFilesBuildPhase;
			buildActionMask = 2147483647;
			dstPath = /usr/share/man/man1/;
			dstSubfolderSpec = 0;
			files = (
			);
			runOnlyForDeploymentPostprocessing = 1;
		};
/* End PBXCopyFilesBuildPhase section */

/* Begin PBXFileReference section */
		AF19FEA428EC51A900593F55 /* LICENSE */ = {isa = PBXFileReference; fileEncoding = 4; lastKnownFileType = text; path = LICENSE; sourceTree = "<group>"; };
		AF19FEA628EC51A900593F55 /* CoBarS.hpp */ = {isa = PBXFileReference; fileEncoding = 4; lastKnownFileType = sourcecode.cpp.h; path = CoBarS.hpp; sourceTree = "<group>"; };
		AF19FEA728EC51A900593F55 /* README.md */ = {isa = PBXFileReference; fileEncoding = 4; lastKnownFileType = net.daringfireball.markdown; path = README.md; sourceTree = "<group>"; };
		AF19FEA828EC51A900593F55 /* src */ = {isa = PBXFileReference; lastKnownFileType = folder; path = src; sourceTree = "<group>"; };
		AF2AEB6128EC5C44004650E3 /* Accelerate.framework */ = {isa = PBXFileReference; lastKnownFileType = wrapper.framework; name = Accelerate.framework; path = System/Library/Frameworks/Accelerate.framework; sourceTree = SDKROOT; };
		AF5230FF2C0CC4D3004098D5 /* deps */ = {isa = PBXFileReference; lastKnownFileType = folder; path = deps; sourceTree = "<group>"; };
		AF597E3429C64C4E00ABD4A0 /* Foundation.framework */ = {isa = PBXFileReference; lastKnownFileType = wrapper.framework; name = Foundation.framework; path = System/Library/Frameworks/Foundation.framework; sourceTree = SDKROOT; };
		AF597E3629C64C5800ABD4A0 /* Metal.framework */ = {isa = PBXFileReference; lastKnownFileType = wrapper.framework; name = Metal.framework; path = System/Library/Frameworks/Metal.framework; sourceTree = SDKROOT; };
		AF8EEFD92C0E197900A3C466 /* Compile.sh */ = {isa = PBXFileReference; fileEncoding = 4; lastKnownFileType = text.script.sh; path = Compile.sh; sourceTree = "<group>"; };
		AF8EEFDA2C0E197F00A3C466 /* Compile.sh */ = {isa = PBXFileReference; fileEncoding = 4; lastKnownFileType = text.script.sh; path = Compile.sh; sourceTree = "<group>"; };
		AF8EEFDB2C0E198800A3C466 /* Compile.sh */ = {isa = PBXFileReference; fileEncoding = 4; lastKnownFileType = text.script.sh; path = Compile.sh; sourceTree = "<group>"; };
		AFB2F4052C0CC6F300459E94 /* Example_RandomClosedPolygon */ = {isa = PBXFileReference; explicitFileType = "compiled.mach-o.executable"; includeInIndex = 0; path = Example_RandomClosedPolygon; sourceTree = BUILT_PRODUCTS_DIR; };
		AFB2F4072C0CC6F300459E94 /* main.cpp */ = {isa = PBXFileReference; lastKnownFileType = sourcecode.cpp.cpp; path = main.cpp; sourceTree = "<group>"; };
		AFB2F4102C0CC76600459E94 /* Example_Sample_Binned */ = {isa = PBXFileReference; explicitFileType = "compiled.mach-o.executable"; includeInIndex = 0; path = Example_Sample_Binned; sourceTree = BUILT_PRODUCTS_DIR; };
		AFB2F4122C0CC76600459E94 /* main.cpp */ = {isa = PBXFileReference; lastKnownFileType = sourcecode.cpp.cpp; path = main.cpp; sourceTree = "<group>"; };
		AFB2F41B2C0CCB0D00459E94 /* Test_RandomClosedPolygon */ = {isa = PBXFileReference; explicitFileType = "compiled.mach-o.executable"; includeInIndex = 0; path = Test_RandomClosedPolygon; sourceTree = BUILT_PRODUCTS_DIR; };
		AFB2F41D2C0CCB0D00459E94 /* main.cpp */ = {isa = PBXFileReference; lastKnownFileType = sourcecode.cpp.cpp; path = main.cpp; sourceTree = "<group>"; };
		AFB2F4222C0CF3AE00459E94 /* Doxyfile */ = {isa = PBXFileReference; lastKnownFileType = text; path = Doxyfile; sourceTree = "<group>"; };
		AFB96DE12A804D6500EE678B /* submodules */ = {isa = PBXFileReference; lastKnownFileType = folder; path = submodules; sourceTree = "<group>"; };
/* End PBXFileReference section */

/* Begin PBXFrameworksBuildPhase section */
		AFB2F4022C0CC6F300459E94 /* Frameworks */ = {
			isa = PBXFrameworksBuildPhase;
			buildActionMask = 2147483647;
			files = (
			);
			runOnlyForDeploymentPostprocessing = 0;
		};
		AFB2F40D2C0CC76600459E94 /* Frameworks */ = {
			isa = PBXFrameworksBuildPhase;
			buildActionMask = 2147483647;
			files = (
			);
			runOnlyForDeploymentPostprocessing = 0;
		};
		AFB2F4182C0CCB0D00459E94 /* Frameworks */ = {
			isa = PBXFrameworksBuildPhase;
			buildActionMask = 2147483647;
			files = (
			);
			runOnlyForDeploymentPostprocessing = 0;
		};
/* End PBXFrameworksBuildPhase section */

/* Begin PBXGroup section */
		AF2AEB6028EC5C44004650E3 /* Frameworks */ = {
			isa = PBXGroup;
			children = (
				AF597E3629C64C5800ABD4A0 /* Metal.framework */,
				AF597E3429C64C4E00ABD4A0 /* Foundation.framework */,
				AF2AEB6128EC5C44004650E3 /* Accelerate.framework */,
			);
			name = Frameworks;
			sourceTree = "<group>";
		};
		AFB2F4062C0CC6F300459E94 /* Example_RandomClosedPolygon */ = {
			isa = PBXGroup;
			children = (
				AFB2F4072C0CC6F300459E94 /* main.cpp */,
				AF8EEFDB2C0E198800A3C466 /* Compile.sh */,
			);
			path = Example_RandomClosedPolygon;
			sourceTree = "<group>";
		};
		AFB2F4112C0CC76600459E94 /* Example_Sample_Binned */ = {
			isa = PBXGroup;
			children = (
				AFB2F4122C0CC76600459E94 /* main.cpp */,
				AF8EEFDA2C0E197F00A3C466 /* Compile.sh */,
			);
			path = Example_Sample_Binned;
			sourceTree = "<group>";
		};
		AFB2F41C2C0CCB0D00459E94 /* Test_RandomClosedPolygon */ = {
			isa = PBXGroup;
			children = (
				AF8EEFD92C0E197900A3C466 /* Compile.sh */,
				AFB2F41D2C0CCB0D00459E94 /* main.cpp */,
			);
			path = Test_RandomClosedPolygon;
			sourceTree = "<group>";
		};
		AFC72D6728EC51460087C64D = {
			isa = PBXGroup;
			children = (
				AF5230FF2C0CC4D3004098D5 /* deps */,
				AFB96DE12A804D6500EE678B /* submodules */,
				AF19FEA828EC51A900593F55 /* src */,
				AF19FEA628EC51A900593F55 /* CoBarS.hpp */,
				AFB2F4222C0CF3AE00459E94 /* Doxyfile */,
				AF19FEA428EC51A900593F55 /* LICENSE */,
				AF19FEA728EC51A900593F55 /* README.md */,
				AFB2F4062C0CC6F300459E94 /* Example_RandomClosedPolygon */,
				AFB2F4112C0CC76600459E94 /* Example_Sample_Binned */,
				AFB2F41C2C0CCB0D00459E94 /* Test_RandomClosedPolygon */,
				AFC72D7128EC51460087C64D /* Products */,
				AF2AEB6028EC5C44004650E3 /* Frameworks */,
			);
			sourceTree = "<group>";
		};
		AFC72D7128EC51460087C64D /* Products */ = {
			isa = PBXGroup;
			children = (
				AFB2F4052C0CC6F300459E94 /* Example_RandomClosedPolygon */,
				AFB2F4102C0CC76600459E94 /* Example_Sample_Binned */,
				AFB2F41B2C0CCB0D00459E94 /* Test_RandomClosedPolygon */,
			);
			name = Products;
			sourceTree = "<group>";
		};
/* End PBXGroup section */

/* Begin PBXNativeTarget section */
		AFB2F4042C0CC6F300459E94 /* Example_RandomClosedPolygon */ = {
			isa = PBXNativeTarget;
			buildConfigurationList = AFB2F4092C0CC6F300459E94 /* Build configuration list for PBXNativeTarget "Example_RandomClosedPolygon" */;
			buildPhases = (
				AFB2F4012C0CC6F300459E94 /* Sources */,
				AFB2F4022C0CC6F300459E94 /* Frameworks */,
				AFB2F4032C0CC6F300459E94 /* CopyFiles */,
			);
			buildRules = (
			);
			dependencies = (
			);
			name = Example_RandomClosedPolygon;
			productName = Example_RandomClosedPolygon;
			productReference = AFB2F4052C0CC6F300459E94 /* Example_RandomClosedPolygon */;
			productType = "com.apple.product-type.tool";
		};
		AFB2F40F2C0CC76600459E94 /* Example_Sample_Binned */ = {
			isa = PBXNativeTarget;
			buildConfigurationList = AFB2F4142C0CC76600459E94 /* Build configuration list for PBXNativeTarget "Example_Sample_Binned" */;
			buildPhases = (
				AFB2F40C2C0CC76600459E94 /* Sources */,
				AFB2F40D2C0CC76600459E94 /* Frameworks */,
				AFB2F40E2C0CC76600459E94 /* CopyFiles */,
			);
			buildRules = (
			);
			dependencies = (
			);
			name = Example_Sample_Binned;
			productName = Example_Sample_Binned;
			productReference = AFB2F4102C0CC76600459E94 /* Example_Sample_Binned */;
			productType = "com.apple.product-type.tool";
		};
		AFB2F41A2C0CCB0D00459E94 /* Test_RandomClosedPolygon */ = {
			isa = PBXNativeTarget;
			buildConfigurationList = AFB2F41F2C0CCB0D00459E94 /* Build configuration list for PBXNativeTarget "Test_RandomClosedPolygon" */;
			buildPhases = (
				AFB2F4172C0CCB0D00459E94 /* Sources */,
				AFB2F4182C0CCB0D00459E94 /* Frameworks */,
				AFB2F4192C0CCB0D00459E94 /* CopyFiles */,
			);
			buildRules = (
			);
			dependencies = (
			);
			name = Test_RandomClosedPolygon;
			productName = Test_RandomClosedPolygon;
			productReference = AFB2F41B2C0CCB0D00459E94 /* Test_RandomClosedPolygon */;
			productType = "com.apple.product-type.tool";
		};
/* End PBXNativeTarget section */

/* Begin PBXProject section */
		AFC72D6828EC51460087C64D /* Project object */ = {
			isa = PBXProject;
			attributes = {
				BuildIndependentTargetsInParallel = 1;
				LastUpgradeCheck = 1540;
				TargetAttributes = {
					AFB2F4042C0CC6F300459E94 = {
						CreatedOnToolsVersion = 15.4;
					};
					AFB2F40F2C0CC76600459E94 = {
						CreatedOnToolsVersion = 15.4;
					};
					AFB2F41A2C0CCB0D00459E94 = {
						CreatedOnToolsVersion = 15.4;
					};
				};
			};
			buildConfigurationList = AFC72D6B28EC51460087C64D /* Build configuration list for PBXProject "CoBarS" */;
			compatibilityVersion = "Xcode 14.0";
			developmentRegion = en;
			hasScannedForEncodings = 0;
			knownRegions = (
				en,
				Base,
			);
			mainGroup = AFC72D6728EC51460087C64D;
			productRefGroup = AFC72D7128EC51460087C64D /* Products */;
			projectDirPath = "";
			projectRoot = "";
			targets = (
				AFB2F4042C0CC6F300459E94 /* Example_RandomClosedPolygon */,
				AFB2F40F2C0CC76600459E94 /* Example_Sample_Binned */,
				AFB2F41A2C0CCB0D00459E94 /* Test_RandomClosedPolygon */,
			);
		};
/* End PBXProject section */

/* Begin PBXSourcesBuildPhase section */
		AFB2F4012C0CC6F300459E94 /* Sources */ = {
			isa = PBXSourcesBuildPhase;
			buildActionMask = 2147483647;
			files = (
				AFB2F4082C0CC6F300459E94 /* main.cpp in Sources */,
			);
			runOnlyForDeploymentPostprocessing = 0;
		};
		AFB2F40C2C0CC76600459E94 /* Sources */ = {
			isa = PBXSourcesBuildPhase;
			buildActionMask = 2147483647;
			files = (
				AFB2F4132C0CC76600459E94 /* main.cpp in Sources */,
			);
			runOnlyForDeploymentPostprocessing = 0;
		};
		AFB2F4172C0CCB0D00459E94 /* Sources */ = {
			isa = PBXSourcesBuildPhase;
			buildActionMask = 2147483647;
			files = (
				AFB2F41E2C0CCB0D00459E94 /* main.cpp in Sources */,
			);
			runOnlyForDeploymentPostprocessing = 0;
		};
/* End PBXSourcesBuildPhase section */

/* Begin XCBuildConfiguration section */
		AFB2F40A2C0CC6F300459E94 /* Debug */ = {
			isa = XCBuildConfiguration;
			buildSettings = {
				ASSETCATALOG_COMPILER_GENERATE_SWIFT_ASSET_SYMBOL_EXTENSIONS = YES;
				CLANG_WARN_DOCUMENTATION_COMMENTS = YES;
				CODE_SIGN_STYLE = Automatic;
				DEVELOPMENT_TEAM = Y6DQ749ZRT;
				ENABLE_HARDENED_RUNTIME = YES;
				GCC_C_LANGUAGE_STANDARD = gnu17;
				LOCALIZATION_PREFERS_STRING_CATALOGS = YES;
				MACOSX_DEPLOYMENT_TARGET = 14.5;
				PRODUCT_NAME = "$(TARGET_NAME)";
			};
			name = Debug;
		};
		AFB2F40B2C0CC6F300459E94 /* Release */ = {
			isa = XCBuildConfiguration;
			buildSettings = {
				ASSETCATALOG_COMPILER_GENERATE_SWIFT_ASSET_SYMBOL_EXTENSIONS = YES;
				CLANG_WARN_DOCUMENTATION_COMMENTS = YES;
				CODE_SIGN_STYLE = Automatic;
				DEVELOPMENT_TEAM = Y6DQ749ZRT;
				ENABLE_HARDENED_RUNTIME = YES;
				GCC_C_LANGUAGE_STANDARD = gnu17;
				LOCALIZATION_PREFERS_STRING_CATALOGS = YES;
				MACOSX_DEPLOYMENT_TARGET = 14.5;
				PRODUCT_NAME = "$(TARGET_NAME)";
			};
			name = Release;
		};
		AFB2F4152C0CC76600459E94 /* Debug */ = {
			isa = XCBuildConfiguration;
			buildSettings = {
				ASSETCATALOG_COMPILER_GENERATE_SWIFT_ASSET_SYMBOL_EXTENSIONS = YES;
				CLANG_WARN_DOCUMENTATION_COMMENTS = YES;
				CODE_SIGN_STYLE = Automatic;
				DEVELOPMENT_TEAM = Y6DQ749ZRT;
				ENABLE_HARDENED_RUNTIME = YES;
				GCC_C_LANGUAGE_STANDARD = gnu17;
				LOCALIZATION_PREFERS_STRING_CATALOGS = YES;
				MACOSX_DEPLOYMENT_TARGET = 14.5;
				PRODUCT_NAME = "$(TARGET_NAME)";
			};
			name = Debug;
		};
		AFB2F4162C0CC76600459E94 /* Release */ = {
			isa = XCBuildConfiguration;
			buildSettings = {
				ASSETCATALOG_COMPILER_GENERATE_SWIFT_ASSET_SYMBOL_EXTENSIONS = YES;
				CLANG_WARN_DOCUMENTATION_COMMENTS = YES;
				CODE_SIGN_STYLE = Automatic;
				DEVELOPMENT_TEAM = Y6DQ749ZRT;
				ENABLE_HARDENED_RUNTIME = YES;
				GCC_C_LANGUAGE_STANDARD = gnu17;
				LOCALIZATION_PREFERS_STRING_CATALOGS = YES;
				MACOSX_DEPLOYMENT_TARGET = 14.5;
				PRODUCT_NAME = "$(TARGET_NAME)";
			};
			name = Release;
		};
		AFB2F4202C0CCB0D00459E94 /* Debug */ = {
			isa = XCBuildConfiguration;
			buildSettings = {
				ASSETCATALOG_COMPILER_GENERATE_SWIFT_ASSET_SYMBOL_EXTENSIONS = YES;
				CLANG_WARN_DOCUMENTATION_COMMENTS = YES;
				CODE_SIGN_STYLE = Automatic;
				DEVELOPMENT_TEAM = Y6DQ749ZRT;
				ENABLE_HARDENED_RUNTIME = YES;
				LOCALIZATION_PREFERS_STRING_CATALOGS = YES;
				MACOSX_DEPLOYMENT_TARGET = 14.5;
				PRODUCT_NAME = "$(TARGET_NAME)";
			};
			name = Debug;
		};
		AFB2F4212C0CCB0D00459E94 /* Release */ = {
			isa = XCBuildConfiguration;
			buildSettings = {
				ASSETCATALOG_COMPILER_GENERATE_SWIFT_ASSET_SYMBOL_EXTENSIONS = YES;
				CLANG_WARN_DOCUMENTATION_COMMENTS = YES;
				CODE_SIGN_STYLE = Automatic;
				DEVELOPMENT_TEAM = Y6DQ749ZRT;
				ENABLE_HARDENED_RUNTIME = YES;
				LOCALIZATION_PREFERS_STRING_CATALOGS = YES;
				MACOSX_DEPLOYMENT_TARGET = 14.5;
				PRODUCT_NAME = "$(TARGET_NAME)";
			};
			name = Release;
		};
		AFC72D7528EC51460087C64D /* Debug */ = {
			isa = XCBuildConfiguration;
			buildSettings = {
				ALWAYS_SEARCH_USER_PATHS = NO;
				CLANG_ANALYZER_NONNULL = YES;
				CLANG_ANALYZER_NUMBER_OBJECT_CONVERSION = YES_AGGRESSIVE;
				CLANG_CXX_LANGUAGE_STANDARD = "gnu++20";
				CLANG_ENABLE_MODULES = YES;
				CLANG_ENABLE_OBJC_ARC = YES;
				CLANG_ENABLE_OBJC_WEAK = YES;
				CLANG_WARN_BLOCK_CAPTURE_AUTORELEASING = YES;
				CLANG_WARN_BOOL_CONVERSION = YES;
				CLANG_WARN_COMMA = YES;
				CLANG_WARN_CONSTANT_CONVERSION = YES;
				CLANG_WARN_DEPRECATED_OBJC_IMPLEMENTATIONS = YES;
				CLANG_WARN_DIRECT_OBJC_ISA_USAGE = YES_ERROR;
				CLANG_WARN_DOCUMENTATION_COMMENTS = NO;
				CLANG_WARN_EMPTY_BODY = YES;
				CLANG_WARN_ENUM_CONVERSION = YES;
				CLANG_WARN_FLOAT_CONVERSION = YES;
				CLANG_WARN_IMPLICIT_FALLTHROUGH = YES;
				CLANG_WARN_INFINITE_RECURSION = YES;
				CLANG_WARN_INT_CONVERSION = YES;
				CLANG_WARN_NON_LITERAL_NULL_CONVERSION = YES;
				CLANG_WARN_OBJC_IMPLICIT_RETAIN_SELF = YES;
				CLANG_WARN_OBJC_LITERAL_CONVERSION = YES;
				CLANG_WARN_OBJC_ROOT_CLASS = YES_ERROR;
				CLANG_WARN_QUOTED_INCLUDE_IN_FRAMEWORK_HEADER = YES;
				CLANG_WARN_RANGE_LOOP_ANALYSIS = YES;
				CLANG_WARN_SEMICOLON_BEFORE_METHOD_BODY = YES;
				CLANG_WARN_STRICT_PROTOTYPES = YES;
				CLANG_WARN_SUSPICIOUS_IMPLICIT_CONVERSION = YES;
				CLANG_WARN_SUSPICIOUS_MOVE = YES;
				CLANG_WARN_UNGUARDED_AVAILABILITY = YES_AGGRESSIVE;
				CLANG_WARN_UNREACHABLE_CODE = YES;
				CLANG_WARN__DUPLICATE_METHOD_MATCH = YES;
				COPY_PHASE_STRIP = NO;
				DEAD_CODE_STRIPPING = YES;
				DEBUG_INFORMATION_FORMAT = dwarf;
				ENABLE_STRICT_OBJC_MSGSEND = YES;
				ENABLE_TESTABILITY = YES;
				ENABLE_USER_SCRIPT_SANDBOXING = YES;
				GCC_C_LANGUAGE_STANDARD = gnu11;
				GCC_DYNAMIC_NO_PIC = NO;
				GCC_NO_COMMON_BLOCKS = YES;
				GCC_OPTIMIZATION_LEVEL = 0;
				GCC_PREPROCESSOR_DEFINITIONS = (
					"DEBUG=1",
					"$(inherited)",
				);
				GCC_WARN_64_TO_32_BIT_CONVERSION = YES;
				GCC_WARN_ABOUT_RETURN_TYPE = YES_ERROR;
				GCC_WARN_INITIALIZER_NOT_FULLY_BRACKETED = YES;
				GCC_WARN_NON_VIRTUAL_DESTRUCTOR = YES;
				GCC_WARN_SHADOW = YES;
				GCC_WARN_SIGN_COMPARE = YES;
				GCC_WARN_UNDECLARED_SELECTOR = YES;
				GCC_WARN_UNINITIALIZED_AUTOS = YES_AGGRESSIVE;
				GCC_WARN_UNKNOWN_PRAGMAS = YES;
				GCC_WARN_UNUSED_FUNCTION = YES;
				GCC_WARN_UNUSED_VARIABLE = YES;
				LIBRARY_SEARCH_PATHS = (
					/opt/homebrew/lib,
					/opt/homebrew/opt/openblas/lib,
				);
				MACOSX_DEPLOYMENT_TARGET = 13.0;
				MTL_ENABLE_DEBUG_INFO = INCLUDE_SOURCE;
				MTL_FAST_MATH = YES;
				ONLY_ACTIVE_ARCH = YES;
				OTHER_CPLUSPLUSFLAGS = (
					"$(OTHER_CFLAGS)",
					"-flto",
					"-fno-math-errno",
					"-ffast-math",
					"-fenable-matrix",
				);
				OTHER_LDFLAGS = (
					"-ldl",
					"-lm",
				);
				SDKROOT = macosx;
				SYSTEM_HEADER_SEARCH_PATHS = (
					/opt/homebrew/opt/openblas/include,
					/opt/homebrew/include,
				);
				USER_HEADER_SEARCH_PATHS = "";
			};
			name = Debug;
		};
		AFC72D7628EC51460087C64D /* Release */ = {
			isa = XCBuildConfiguration;
			buildSettings = {
				ALWAYS_SEARCH_USER_PATHS = NO;
				CLANG_ANALYZER_NONNULL = YES;
				CLANG_ANALYZER_NUMBER_OBJECT_CONVERSION = YES_AGGRESSIVE;
				CLANG_CXX_LANGUAGE_STANDARD = "gnu++20";
				CLANG_ENABLE_MODULES = YES;
				CLANG_ENABLE_OBJC_ARC = YES;
				CLANG_ENABLE_OBJC_WEAK = YES;
				CLANG_WARN_BLOCK_CAPTURE_AUTORELEASING = YES;
				CLANG_WARN_BOOL_CONVERSION = YES;
				CLANG_WARN_COMMA = YES;
				CLANG_WARN_CONSTANT_CONVERSION = YES;
				CLANG_WARN_DEPRECATED_OBJC_IMPLEMENTATIONS = YES;
				CLANG_WARN_DIRECT_OBJC_ISA_USAGE = YES_ERROR;
				CLANG_WARN_DOCUMENTATION_COMMENTS = NO;
				CLANG_WARN_EMPTY_BODY = YES;
				CLANG_WARN_ENUM_CONVERSION = YES;
				CLANG_WARN_FLOAT_CONVERSION = YES;
				CLANG_WARN_IMPLICIT_FALLTHROUGH = YES;
				CLANG_WARN_INFINITE_RECURSION = YES;
				CLANG_WARN_INT_CONVERSION = YES;
				CLANG_WARN_NON_LITERAL_NULL_CONVERSION = YES;
				CLANG_WARN_OBJC_IMPLICIT_RETAIN_SELF = YES;
				CLANG_WARN_OBJC_LITERAL_CONVERSION = YES;
				CLANG_WARN_OBJC_ROOT_CLASS = YES_ERROR;
				CLANG_WARN_QUOTED_INCLUDE_IN_FRAMEWORK_HEADER = YES;
				CLANG_WARN_RANGE_LOOP_ANALYSIS = YES;
				CLANG_WARN_SEMICOLON_BEFORE_METHOD_BODY = YES;
				CLANG_WARN_STRICT_PROTOTYPES = YES;
				CLANG_WARN_SUSPICIOUS_IMPLICIT_CONVERSION = YES;
				CLANG_WARN_SUSPICIOUS_MOVE = YES;
				CLANG_WARN_UNGUARDED_AVAILABILITY = YES_AGGRESSIVE;
				CLANG_WARN_UNREACHABLE_CODE = YES;
				CLANG_WARN__DUPLICATE_METHOD_MATCH = YES;
				COPY_PHASE_STRIP = NO;
				DEAD_CODE_STRIPPING = YES;
				DEBUG_INFORMATION_FORMAT = "dwarf-with-dsym";
				ENABLE_NS_ASSERTIONS = NO;
				ENABLE_STRICT_OBJC_MSGSEND = YES;
				ENABLE_USER_SCRIPT_SANDBOXING = YES;
				GCC_C_LANGUAGE_STANDARD = gnu11;
				GCC_NO_COMMON_BLOCKS = YES;
				GCC_OPTIMIZATION_LEVEL = fast;
				GCC_WARN_64_TO_32_BIT_CONVERSION = YES;
				GCC_WARN_ABOUT_RETURN_TYPE = YES_ERROR;
				GCC_WARN_INITIALIZER_NOT_FULLY_BRACKETED = YES;
				GCC_WARN_NON_VIRTUAL_DESTRUCTOR = YES;
				GCC_WARN_SHADOW = YES;
				GCC_WARN_SIGN_COMPARE = YES;
				GCC_WARN_UNDECLARED_SELECTOR = YES;
				GCC_WARN_UNINITIALIZED_AUTOS = YES_AGGRESSIVE;
				GCC_WARN_UNKNOWN_PRAGMAS = YES;
				GCC_WARN_UNUSED_FUNCTION = YES;
				GCC_WARN_UNUSED_VARIABLE = YES;
				LIBRARY_SEARCH_PATHS = (
					/opt/homebrew/lib,
					/opt/homebrew/opt/openblas/lib,
				);
				MACOSX_DEPLOYMENT_TARGET = 13.0;
				MTL_ENABLE_DEBUG_INFO = NO;
				MTL_FAST_MATH = YES;
				ONLY_ACTIVE_ARCH = YES;
				OTHER_CPLUSPLUSFLAGS = (
					"$(OTHER_CFLAGS)",
					"-flto",
					"-fno-math-errno",
					"-ffast-math",
					"-fenable-matrix",
				);
				OTHER_LDFLAGS = (
					"-ldl",
					"-lm",
				);
				SDKROOT = macosx;
				SYSTEM_HEADER_SEARCH_PATHS = (
					/opt/homebrew/opt/openblas/include,
					/opt/homebrew/include,
				);
				USER_HEADER_SEARCH_PATHS = "";
			};
			name = Release;
		};
/* End XCBuildConfiguration section */

/* Begin XCConfigurationList section */
		AFB2F4092C0CC6F300459E94 /* Build configuration list for PBXNativeTarget "Example_RandomClosedPolygon" */ = {
			isa = XCConfigurationList;
			buildConfigurations = (
				AFB2F40A2C0CC6F300459E94 /* Debug */,
				AFB2F40B2C0CC6F300459E94 /* Release */,
			);
			defaultConfigurationIsVisible = 0;
			defaultConfigurationName = Release;
		};
		AFB2F4142C0CC76600459E94 /* Build configuration list for PBXNativeTarget "Example_Sample_Binned" */ = {
			isa = XCConfigurationList;
			buildConfigurations = (
				AFB2F4152C0CC76600459E94 /* Debug */,
				AFB2F4162C0CC76600459E94 /* Release */,
			);
			defaultConfigurationIsVisible = 0;
			defaultConfigurationName = Release;
		};
		AFB2F41F2C0CCB0D00459E94 /* Build configuration list for PBXNativeTarget "Test_RandomClosedPolygon" */ = {
			isa = XCConfigurationList;
			buildConfigurations = (
				AFB2F4202C0CCB0D00459E94 /* Debug */,
				AFB2F4212C0CCB0D00459E94 /* Release */,
			);
			defaultConfigurationIsVisible = 0;
			defaultConfigurationName = Release;
		};
		AFC72D6B28EC51460087C64D /* Build configuration list for PBXProject "CoBarS" */ = {
			isa = XCConfigurationList;
			buildConfigurations = (
				AFC72D7528EC51460087C64D /* Debug */,
				AFC72D7628EC51460087C64D /* Release */,
			);
			defaultConfigurationIsVisible = 0;
			defaultConfigurationName = Release;
		};
/* End XCConfigurationList section */
	};
	rootObject = AFC72D6828EC51460087C64D /* Project object */;
}
